// !$*UTF8*$!
{
	archiveVersion = 1;
	classes = {
	};
	objectVersion = 50;
	objects = {

/* Begin PBXBuildFile section */
		6E6810032467E1EB00C06EA2 /* AppDelegate.swift in Sources */ = {isa = PBXBuildFile; fileRef = 6E6810022467E1EB00C06EA2 /* AppDelegate.swift */; };
		6E6810052467E1EB00C06EA2 /* SceneDelegate.swift in Sources */ = {isa = PBXBuildFile; fileRef = 6E6810042467E1EB00C06EA2 /* SceneDelegate.swift */; };
		6E6810072467E1EB00C06EA2 /* ViewController.swift in Sources */ = {isa = PBXBuildFile; fileRef = 6E6810062467E1EB00C06EA2 /* ViewController.swift */; };
		6E68100A2467E1EB00C06EA2 /* Main.storyboard in Resources */ = {isa = PBXBuildFile; fileRef = 6E6810082467E1EB00C06EA2 /* Main.storyboard */; };
		6E68100C2467E1F000C06EA2 /* Assets.xcassets in Resources */ = {isa = PBXBuildFile; fileRef = 6E68100B2467E1F000C06EA2 /* Assets.xcassets */; };
		6E68100F2467E1F000C06EA2 /* LaunchScreen.storyboard in Resources */ = {isa = PBXBuildFile; fileRef = 6E68100D2467E1F000C06EA2 /* LaunchScreen.storyboard */; };
		6E68101A2467E1F000C06EA2 /* BarabaragameTests.swift in Sources */ = {isa = PBXBuildFile; fileRef = 6E6810192467E1F000C06EA2 /* BarabaragameTests.swift */; };
		6E6810252467E1F000C06EA2 /* BarabaragameUITests.swift in Sources */ = {isa = PBXBuildFile; fileRef = 6E6810242467E1F000C06EA2 /* BarabaragameUITests.swift */; };
/* End PBXBuildFile section */

/* Begin PBXContainerItemProxy section */
		6E6810162467E1F000C06EA2 /* PBXContainerItemProxy */ = {
			isa = PBXContainerItemProxy;
			containerPortal = 6E680FF72467E1EB00C06EA2 /* Project object */;
			proxyType = 1;
			remoteGlobalIDString = 6E680FFE2467E1EB00C06EA2;
			remoteInfo = Barabaragame;
		};
		6E6810212467E1F000C06EA2 /* PBXContainerItemProxy */ = {
			isa = PBXContainerItemProxy;
			containerPortal = 6E680FF72467E1EB00C06EA2 /* Project object */;
			proxyType = 1;
			remoteGlobalIDString = 6E680FFE2467E1EB00C06EA2;
			remoteInfo = Barabaragame;
		};
/* End PBXContainerItemProxy section */

/* Begin PBXFileReference section */
		6E680FFF2467E1EB00C06EA2 /* Barabaragame.app */ = {isa = PBXFileReference; explicitFileType = wrapper.application; includeInIndex = 0; path = Barabaragame.app; sourceTree = BUILT_PRODUCTS_DIR; };
		6E6810022467E1EB00C06EA2 /* AppDelegate.swift */ = {isa = PBXFileReference; lastKnownFileType = sourcecode.swift; path = AppDelegate.swift; sourceTree = "<group>"; };
		6E6810042467E1EB00C06EA2 /* SceneDelegate.swift */ = {isa = PBXFileReference; lastKnownFileType = sourcecode.swift; path = SceneDelegate.swift; sourceTree = "<group>"; };
		6E6810062467E1EB00C06EA2 /* ViewController.swift */ = {isa = PBXFileReference; lastKnownFileType = sourcecode.swift; path = ViewController.swift; sourceTree = "<group>"; };
		6E6810092467E1EB00C06EA2 /* Base */ = {isa = PBXFileReference; lastKnownFileType = file.storyboard; name = Base; path = Base.lproj/Main.storyboard; sourceTree = "<group>"; };
		6E68100B2467E1F000C06EA2 /* Assets.xcassets */ = {isa = PBXFileReference; lastKnownFileType = folder.assetcatalog; path = Assets.xcassets; sourceTree = "<group>"; };
		6E68100E2467E1F000C06EA2 /* Base */ = {isa = PBXFileReference; lastKnownFileType = file.storyboard; name = Base; path = Base.lproj/LaunchScreen.storyboard; sourceTree = "<group>"; };
		6E6810102467E1F000C06EA2 /* Info.plist */ = {isa = PBXFileReference; lastKnownFileType = text.plist.xml; path = Info.plist; sourceTree = "<group>"; };
		6E6810152467E1F000C06EA2 /* BarabaragameTests.xctest */ = {isa = PBXFileReference; explicitFileType = wrapper.cfbundle; includeInIndex = 0; path = BarabaragameTests.xctest; sourceTree = BUILT_PRODUCTS_DIR; };
		6E6810192467E1F000C06EA2 /* BarabaragameTests.swift */ = {isa = PBXFileReference; lastKnownFileType = sourcecode.swift; path = BarabaragameTests.swift; sourceTree = "<group>"; };
		6E68101B2467E1F000C06EA2 /* Info.plist */ = {isa = PBXFileReference; lastKnownFileType = text.plist.xml; path = Info.plist; sourceTree = "<group>"; };
		6E6810202467E1F000C06EA2 /* BarabaragameUITests.xctest */ = {isa = PBXFileReference; explicitFileType = wrapper.cfbundle; includeInIndex = 0; path = BarabaragameUITests.xctest; sourceTree = BUILT_PRODUCTS_DIR; };
		6E6810242467E1F000C06EA2 /* BarabaragameUITests.swift */ = {isa = PBXFileReference; lastKnownFileType = sourcecode.swift; path = BarabaragameUITests.swift; sourceTree = "<group>"; };
		6E6810262467E1F000C06EA2 /* Info.plist */ = {isa = PBXFileReference; lastKnownFileType = text.plist.xml; path = Info.plist; sourceTree = "<group>"; };
/* End PBXFileReference section */

/* Begin PBXFrameworksBuildPhase section */
		6E680FFC2467E1EB00C06EA2 /* Frameworks */ = {
			isa = PBXFrameworksBuildPhase;
			buildActionMask = 2147483647;
			files = (
			);
			runOnlyForDeploymentPostprocessing = 0;
		};
		6E6810122467E1F000C06EA2 /* Frameworks */ = {
			isa = PBXFrameworksBuildPhase;
			buildActionMask = 2147483647;
			files = (
			);
			runOnlyForDeploymentPostprocessing = 0;
		};
		6E68101D2467E1F000C06EA2 /* Frameworks */ = {
			isa = PBXFrameworksBuildPhase;
			buildActionMask = 2147483647;
			files = (
			);
			runOnlyForDeploymentPostprocessing = 0;
		};
/* End PBXFrameworksBuildPhase section */

/* Begin PBXGroup section */
		6E680FF62467E1EB00C06EA2 = {
			isa = PBXGroup;
			children = (
				6E6810012467E1EB00C06EA2 /* Barabaragame */,
				6E6810182467E1F000C06EA2 /* BarabaragameTests */,
				6E6810232467E1F000C06EA2 /* BarabaragameUITests */,
				6E6810002467E1EB00C06EA2 /* Products */,
			);
			sourceTree = "<group>";
		};
		6E6810002467E1EB00C06EA2 /* Products */ = {
			isa = PBXGroup;
			children = (
				6E680FFF2467E1EB00C06EA2 /* Barabaragame.app */,
				6E6810152467E1F000C06EA2 /* BarabaragameTests.xctest */,
				6E6810202467E1F000C06EA2 /* BarabaragameUITests.xctest */,
			);
			name = Products;
			sourceTree = "<group>";
		};
		6E6810012467E1EB00C06EA2 /* Barabaragame */ = {
			isa = PBXGroup;
			children = (
				6E6810022467E1EB00C06EA2 /* AppDelegate.swift */,
				6E6810042467E1EB00C06EA2 /* SceneDelegate.swift */,
				6E6810062467E1EB00C06EA2 /* ViewController.swift */,
				6E6810082467E1EB00C06EA2 /* Main.storyboard */,
				6E68100B2467E1F000C06EA2 /* Assets.xcassets */,
				6E68100D2467E1F000C06EA2 /* LaunchScreen.storyboard */,
				6E6810102467E1F000C06EA2 /* Info.plist */,
			);
			path = Barabaragame;
			sourceTree = "<group>";
		};
		6E6810182467E1F000C06EA2 /* BarabaragameTests */ = {
			isa = PBXGroup;
			children = (
				6E6810192467E1F000C06EA2 /* BarabaragameTests.swift */,
				6E68101B2467E1F000C06EA2 /* Info.plist */,
			);
			path = BarabaragameTests;
			sourceTree = "<group>";
		};
		6E6810232467E1F000C06EA2 /* BarabaragameUITests */ = {
			isa = PBXGroup;
			children = (
				6E6810242467E1F000C06EA2 /* BarabaragameUITests.swift */,
				6E6810262467E1F000C06EA2 /* Info.plist */,
			);
			path = BarabaragameUITests;
			sourceTree = "<group>";
		};
/* End PBXGroup section */

/* Begin PBXNativeTarget section */
		6E680FFE2467E1EB00C06EA2 /* Barabaragame */ = {
			isa = PBXNativeTarget;
			buildConfigurationList = 6E6810292467E1F000C06EA2 /* Build configuration list for PBXNativeTarget "Barabaragame" */;
			buildPhases = (
				6E680FFB2467E1EB00C06EA2 /* Sources */,
				6E680FFC2467E1EB00C06EA2 /* Frameworks */,
				6E680FFD2467E1EB00C06EA2 /* Resources */,
			);
			buildRules = (
			);
			dependencies = (
			);
			name = Barabaragame;
			productName = Barabaragame;
			productReference = 6E680FFF2467E1EB00C06EA2 /* Barabaragame.app */;
			productType = "com.apple.product-type.application";
		};
		6E6810142467E1F000C06EA2 /* BarabaragameTests */ = {
			isa = PBXNativeTarget;
			buildConfigurationList = 6E68102C2467E1F000C06EA2 /* Build configuration list for PBXNativeTarget "BarabaragameTests" */;
			buildPhases = (
				6E6810112467E1F000C06EA2 /* Sources */,
				6E6810122467E1F000C06EA2 /* Frameworks */,
				6E6810132467E1F000C06EA2 /* Resources */,
			);
			buildRules = (
			);
			dependencies = (
				6E6810172467E1F000C06EA2 /* PBXTargetDependency */,
			);
			name = BarabaragameTests;
			productName = BarabaragameTests;
			productReference = 6E6810152467E1F000C06EA2 /* BarabaragameTests.xctest */;
			productType = "com.apple.product-type.bundle.unit-test";
		};
		6E68101F2467E1F000C06EA2 /* BarabaragameUITests */ = {
			isa = PBXNativeTarget;
			buildConfigurationList = 6E68102F2467E1F000C06EA2 /* Build configuration list for PBXNativeTarget "BarabaragameUITests" */;
			buildPhases = (
				6E68101C2467E1F000C06EA2 /* Sources */,
				6E68101D2467E1F000C06EA2 /* Frameworks */,
				6E68101E2467E1F000C06EA2 /* Resources */,
			);
			buildRules = (
			);
			dependencies = (
				6E6810222467E1F000C06EA2 /* PBXTargetDependency */,
			);
			name = BarabaragameUITests;
			productName = BarabaragameUITests;
			productReference = 6E6810202467E1F000C06EA2 /* BarabaragameUITests.xctest */;
			productType = "com.apple.product-type.bundle.ui-testing";
		};
/* End PBXNativeTarget section */

/* Begin PBXProject section */
		6E680FF72467E1EB00C06EA2 /* Project object */ = {
			isa = PBXProject;
			attributes = {
				LastSwiftUpdateCheck = 1140;
				LastUpgradeCheck = 1140;
				ORGANIZATIONNAME = "Okada Hattsunn";
				TargetAttributes = {
					6E680FFE2467E1EB00C06EA2 = {
						CreatedOnToolsVersion = 11.4.1;
					};
					6E6810142467E1F000C06EA2 = {
						CreatedOnToolsVersion = 11.4.1;
						TestTargetID = 6E680FFE2467E1EB00C06EA2;
					};
					6E68101F2467E1F000C06EA2 = {
						CreatedOnToolsVersion = 11.4.1;
						TestTargetID = 6E680FFE2467E1EB00C06EA2;
					};
				};
			};
			buildConfigurationList = 6E680FFA2467E1EB00C06EA2 /* Build configuration list for PBXProject "Barabaragame" */;
			compatibilityVersion = "Xcode 9.3";
			developmentRegion = en;
			hasScannedForEncodings = 0;
			knownRegions = (
				en,
				Base,
			);
			mainGroup = 6E680FF62467E1EB00C06EA2;
			productRefGroup = 6E6810002467E1EB00C06EA2 /* Products */;
			projectDirPath = "";
			projectRoot = "";
			targets = (
				6E680FFE2467E1EB00C06EA2 /* Barabaragame */,
				6E6810142467E1F000C06EA2 /* BarabaragameTests */,
				6E68101F2467E1F000C06EA2 /* BarabaragameUITests */,
			);
		};
/* End PBXProject section */

/* Begin PBXResourcesBuildPhase section */
		6E680FFD2467E1EB00C06EA2 /* Resources */ = {
			isa = PBXResourcesBuildPhase;
			buildActionMask = 2147483647;
			files = (
				6E68100F2467E1F000C06EA2 /* LaunchScreen.storyboard in Resources */,
				6E68100C2467E1F000C06EA2 /* Assets.xcassets in Resources */,
				6E68100A2467E1EB00C06EA2 /* Main.storyboard in Resources */,
			);
			runOnlyForDeploymentPostprocessing = 0;
		};
		6E6810132467E1F000C06EA2 /* Resources */ = {
			isa = PBXResourcesBuildPhase;
			buildActionMask = 2147483647;
			files = (
			);
			runOnlyForDeploymentPostprocessing = 0;
		};
		6E68101E2467E1F000C06EA2 /* Resources */ = {
			isa = PBXResourcesBuildPhase;
			buildActionMask = 2147483647;
			files = (
			);
			runOnlyForDeploymentPostprocessing = 0;
		};
/* End PBXResourcesBuildPhase section */

/* Begin PBXSourcesBuildPhase section */
		6E680FFB2467E1EB00C06EA2 /* Sources */ = {
			isa = PBXSourcesBuildPhase;
			buildActionMask = 2147483647;
			files = (
				6E6810072467E1EB00C06EA2 /* ViewController.swift in Sources */,
				6E6810032467E1EB00C06EA2 /* AppDelegate.swift in Sources */,
				6E6810052467E1EB00C06EA2 /* SceneDelegate.swift in Sources */,
			);
			runOnlyForDeploymentPostprocessing = 0;
		};
		6E6810112467E1F000C06EA2 /* Sources */ = {
			isa = PBXSourcesBuildPhase;
			buildActionMask = 2147483647;
			files = (
				6E68101A2467E1F000C06EA2 /* BarabaragameTests.swift in Sources */,
			);
			runOnlyForDeploymentPostprocessing = 0;
		};
		6E68101C2467E1F000C06EA2 /* Sources */ = {
			isa = PBXSourcesBuildPhase;
			buildActionMask = 2147483647;
			files = (
				6E6810252467E1F000C06EA2 /* BarabaragameUITests.swift in Sources */,
			);
			runOnlyForDeploymentPostprocessing = 0;
		};
/* End PBXSourcesBuildPhase section */

/* Begin PBXTargetDependency section */
		6E6810172467E1F000C06EA2 /* PBXTargetDependency */ = {
			isa = PBXTargetDependency;
			target = 6E680FFE2467E1EB00C06EA2 /* Barabaragame */;
			targetProxy = 6E6810162467E1F000C06EA2 /* PBXContainerItemProxy */;
		};
		6E6810222467E1F000C06EA2 /* PBXTargetDependency */ = {
			isa = PBXTargetDependency;
			target = 6E680FFE2467E1EB00C06EA2 /* Barabaragame */;
			targetProxy = 6E6810212467E1F000C06EA2 /* PBXContainerItemProxy */;
		};
/* End PBXTargetDependency section */

/* Begin PBXVariantGroup section */
		6E6810082467E1EB00C06EA2 /* Main.storyboard */ = {
			isa = PBXVariantGroup;
			children = (
				6E6810092467E1EB00C06EA2 /* Base */,
			);
			name = Main.storyboard;
			sourceTree = "<group>";
		};
		6E68100D2467E1F000C06EA2 /* LaunchScreen.storyboard */ = {
			isa = PBXVariantGroup;
			children = (
				6E68100E2467E1F000C06EA2 /* Base */,
			);
			name = LaunchScreen.storyboard;
			sourceTree = "<group>";
		};
/* End PBXVariantGroup section */

/* Begin XCBuildConfiguration section */
		6E6810272467E1F000C06EA2 /* Debug */ = {
			isa = XCBuildConfiguration;
			buildSettings = {
				ALWAYS_SEARCH_USER_PATHS = NO;
				CLANG_ANALYZER_NONNULL = YES;
				CLANG_ANALYZER_NUMBER_OBJECT_CONVERSION = YES_AGGRESSIVE;
				CLANG_CXX_LANGUAGE_STANDARD = "gnu++14";
				CLANG_CXX_LIBRARY = "libc++";
				CLANG_ENABLE_MODULES = YES;
				CLANG_ENABLE_OBJC_ARC = YES;
				CLANG_ENABLE_OBJC_WEAK = YES;
				CLANG_WARN_BLOCK_CAPTURE_AUTORELEASING = YES;
				CLANG_WARN_BOOL_CONVERSION = YES;
				CLANG_WARN_COMMA = YES;
				CLANG_WARN_CONSTANT_CONVERSION = YES;
				CLANG_WARN_DEPRECATED_OBJC_IMPLEMENTATIONS = YES;
				CLANG_WARN_DIRECT_OBJC_ISA_USAGE = YES_ERROR;
				CLANG_WARN_DOCUMENTATION_COMMENTS = YES;
				CLANG_WARN_EMPTY_BODY = YES;
				CLANG_WARN_ENUM_CONVERSION = YES;
				CLANG_WARN_INFINITE_RECURSION = YES;
				CLANG_WARN_INT_CONVERSION = YES;
				CLANG_WARN_NON_LITERAL_NULL_CONVERSION = YES;
				CLANG_WARN_OBJC_IMPLICIT_RETAIN_SELF = YES;
				CLANG_WARN_OBJC_LITERAL_CONVERSION = YES;
				CLANG_WARN_OBJC_ROOT_CLASS = YES_ERROR;
				CLANG_WARN_RANGE_LOOP_ANALYSIS = YES;
				CLANG_WARN_STRICT_PROTOTYPES = YES;
				CLANG_WARN_SUSPICIOUS_MOVE = YES;
				CLANG_WARN_UNGUARDED_AVAILABILITY = YES_AGGRESSIVE;
				CLANG_WARN_UNREACHABLE_CODE = YES;
				CLANG_WARN__DUPLICATE_METHOD_MATCH = YES;
				COPY_PHASE_STRIP = NO;
				DEBUG_INFORMATION_FORMAT = dwarf;
				ENABLE_STRICT_OBJC_MSGSEND = YES;
				ENABLE_TESTABILITY = YES;
				GCC_C_LANGUAGE_STANDARD = gnu11;
				GCC_DYNAMIC_NO_PIC = NO;
				GCC_NO_COMMON_BLOCKS = YES;
				GCC_OPTIMIZATION_LEVEL = 0;
				GCC_PREPROCESSOR_DEFINITIONS = (
					"DEBUG=1",
					"$(inherited)",
				);
				GCC_WARN_64_TO_32_BIT_CONVERSION = YES;
				GCC_WARN_ABOUT_RETURN_TYPE = YES_ERROR;
				GCC_WARN_UNDECLARED_SELECTOR = YES;
				GCC_WARN_UNINITIALIZED_AUTOS = YES_AGGRESSIVE;
				GCC_WARN_UNUSED_FUNCTION = YES;
				GCC_WARN_UNUSED_VARIABLE = YES;
				IPHONEOS_DEPLOYMENT_TARGET = 13.4;
				MTL_ENABLE_DEBUG_INFO = INCLUDE_SOURCE;
				MTL_FAST_MATH = YES;
				ONLY_ACTIVE_ARCH = YES;
				SDKROOT = iphoneos;
				SWIFT_ACTIVE_COMPILATION_CONDITIONS = DEBUG;
				SWIFT_OPTIMIZATION_LEVEL = "-Onone";
			};
			name = Debug;
		};
		6E6810282467E1F000C06EA2 /* Release */ = {
			isa = XCBuildConfiguration;
			buildSettings = {
				ALWAYS_SEARCH_USER_PATHS = NO;
				CLANG_ANALYZER_NONNULL = YES;
				CLANG_ANALYZER_NUMBER_OBJECT_CONVERSION = YES_AGGRESSIVE;
				CLANG_CXX_LANGUAGE_STANDARD = "gnu++14";
				CLANG_CXX_LIBRARY = "libc++";
				CLANG_ENABLE_MODULES = YES;
				CLANG_ENABLE_OBJC_ARC = YES;
				CLANG_ENABLE_OBJC_WEAK = YES;
				CLANG_WARN_BLOCK_CAPTURE_AUTORELEASING = YES;
				CLANG_WARN_BOOL_CONVERSION = YES;
				CLANG_WARN_COMMA = YES;
				CLANG_WARN_CONSTANT_CONVERSION = YES;
				CLANG_WARN_DEPRECATED_OBJC_IMPLEMENTATIONS = YES;
				CLANG_WARN_DIRECT_OBJC_ISA_USAGE = YES_ERROR;
				CLANG_WARN_DOCUMENTATION_COMMENTS = YES;
				CLANG_WARN_EMPTY_BODY = YES;
				CLANG_WARN_ENUM_CONVERSION = YES;
				CLANG_WARN_INFINITE_RECURSION = YES;
				CLANG_WARN_INT_CONVERSION = YES;
				CLANG_WARN_NON_LITERAL_NULL_CONVERSION = YES;
				CLANG_WARN_OBJC_IMPLICIT_RETAIN_SELF = YES;
				CLANG_WARN_OBJC_LITERAL_CONVERSION = YES;
				CLANG_WARN_OBJC_ROOT_CLASS = YES_ERROR;
				CLANG_WARN_RANGE_LOOP_ANALYSIS = YES;
				CLANG_WARN_STRICT_PROTOTYPES = YES;
				CLANG_WARN_SUSPICIOUS_MOVE = YES;
				CLANG_WARN_UNGUARDED_AVAILABILITY = YES_AGGRESSIVE;
				CLANG_WARN_UNREACHABLE_CODE = YES;
				CLANG_WARN__DUPLICATE_METHOD_MATCH = YES;
				COPY_PHASE_STRIP = NO;
				DEBUG_INFORMATION_FORMAT = "dwarf-with-dsym";
				ENABLE_NS_ASSERTIONS = NO;
				ENABLE_STRICT_OBJC_MSGSEND = YES;
				GCC_C_LANGUAGE_STANDARD = gnu11;
				GCC_NO_COMMON_BLOCKS = YES;
				GCC_WARN_64_TO_32_BIT_CONVERSION = YES;
				GCC_WARN_ABOUT_RETURN_TYPE = YES_ERROR;
				GCC_WARN_UNDECLARED_SELECTOR = YES;
				GCC_WARN_UNINITIALIZED_AUTOS = YES_AGGRESSIVE;
				GCC_WARN_UNUSED_FUNCTION = YES;
				GCC_WARN_UNUSED_VARIABLE = YES;
				IPHONEOS_DEPLOYMENT_TARGET = 13.4;
				MTL_ENABLE_DEBUG_INFO = NO;
				MTL_FAST_MATH = YES;
				SDKROOT = iphoneos;
				SWIFT_COMPILATION_MODE = wholemodule;
				SWIFT_OPTIMIZATION_LEVEL = "-O";
				VALIDATE_PRODUCT = YES;
			};
			name = Release;
		};
		6E68102A2467E1F000C06EA2 /* Debug */ = {
			isa = XCBuildConfiguration;
			buildSettings = {
				ASSETCATALOG_COMPILER_APPICON_NAME = AppIcon;
				CODE_SIGN_STYLE = Automatic;
				INFOPLIST_FILE = Barabaragame/Info.plist;
				LD_RUNPATH_SEARCH_PATHS = (
					"$(inherited)",
					"@executable_path/Frameworks",
				);
				PRODUCT_BUNDLE_IDENTIFIER = app.Okada.Hattsunn.Barabaragame;
				PRODUCT_NAME = "$(TARGET_NAME)";
				SWIFT_VERSION = 5.0;
				TARGETED_DEVICE_FAMILY = "1,2";
			};
			name = Debug;
		};
		6E68102B2467E1F000C06EA2 /* Release */ = {
			isa = XCBuildConfiguration;
			buildSettings = {
				ASSETCATALOG_COMPILER_APPICON_NAME = AppIcon;
				CODE_SIGN_STYLE = Automatic;
				INFOPLIST_FILE = Barabaragame/Info.plist;
				LD_RUNPATH_SEARCH_PATHS = (
					"$(inherited)",
					"@executable_path/Frameworks",
				);
				PRODUCT_BUNDLE_IDENTIFIER = app.Okada.Hattsunn.Barabaragame;
				PRODUCT_NAME = "$(TARGET_NAME)";
				SWIFT_VERSION = 5.0;
				TARGETED_DEVICE_FAMILY = "1,2";
			};
			name = Release;
		};
		6E68102D2467E1F000C06EA2 /* Debug */ = {
			isa = XCBuildConfiguration;
			buildSettings = {
				ALWAYS_EMBED_SWIFT_STANDARD_LIBRARIES = YES;
				BUNDLE_LOADER = "$(TEST_HOST)";
				CODE_SIGN_STYLE = Automatic;
				INFOPLIST_FILE = BarabaragameTests/Info.plist;
				IPHONEOS_DEPLOYMENT_TARGET = 13.4;
				LD_RUNPATH_SEARCH_PATHS = (
					"$(inherited)",
					"@executable_path/Frameworks",
					"@loader_path/Frameworks",
				);
				PRODUCT_BUNDLE_IDENTIFIER = app.Okada.Hattsunn.BarabaragameTests;
				PRODUCT_NAME = "$(TARGET_NAME)";
				SWIFT_VERSION = 5.0;
				TARGETED_DEVICE_FAMILY = "1,2";
				TEST_HOST = "$(BUILT_PRODUCTS_DIR)/Barabaragame.app/Barabaragame";
			};
			name = Debug;
		};
		6E68102E2467E1F000C06EA2 /* Release */ = {
			isa = XCBuildConfiguration;
			buildSettings = {
				ALWAYS_EMBED_SWIFT_STANDARD_LIBRARIES = YES;
				BUNDLE_LOADER = "$(TEST_HOST)";
				CODE_SIGN_STYLE = Automatic;
				INFOPLIST_FILE = BarabaragameTests/Info.plist;
				IPHONEOS_DEPLOYMENT_TARGET = 13.4;
				LD_RUNPATH_SEARCH_PATHS = (
					"$(inherited)",
					"@executable_path/Frameworks",
					"@loader_path/Frameworks",
				);
				PRODUCT_BUNDLE_IDENTIFIER = app.Okada.Hattsunn.BarabaragameTests;
				PRODUCT_NAME = "$(TARGET_NAME)";
				SWIFT_VERSION = 5.0;
				TARGETED_DEVICE_FAMILY = "1,2";
				TEST_HOST = "$(BUILT_PRODUCTS_DIR)/Barabaragame.app/Barabaragame";
			};
			name = Release;
		};
		6E6810302467E1F000C06EA2 /* Debug */ = {
			isa = XCBuildConfiguration;
			buildSettings = {
				ALWAYS_EMBED_SWIFT_STANDARD_LIBRARIES = YES;
				CODE_SIGN_STYLE = Automatic;
				INFOPLIST_FILE = BarabaragameUITests/Info.plist;
				LD_RUNPATH_SEARCH_PATHS = (
					"$(inherited)",
					"@executable_path/Frameworks",
					"@loader_path/Frameworks",
				);
				PRODUCT_BUNDLE_IDENTIFIER = app.Okada.Hattsunn.BarabaragameUITests;
				PRODUCT_NAME = "$(TARGET_NAME)";
				SWIFT_VERSION = 5.0;
				TARGETED_DEVICE_FAMILY = "1,2";
				TEST_TARGET_NAME = Barabaragame;
			};
			name = Debug;
		};
		6E6810312467E1F000C06EA2 /* Release */ = {
			isa = XCBuildConfiguration;
			buildSettings = {
				ALWAYS_EMBED_SWIFT_STANDARD_LIBRARIES = YES;
				CODE_SIGN_STYLE = Automatic;
				INFOPLIST_FILE = BarabaragameUITests/Info.plist;
				LD_RUNPATH_SEARCH_PATHS = (
					"$(inherited)",
					"@executable_path/Frameworks",
					"@loader_path/Frameworks",
				);
				PRODUCT_BUNDLE_IDENTIFIER = app.Okada.Hattsunn.BarabaragameUITests;
				PRODUCT_NAME = "$(TARGET_NAME)";
				SWIFT_VERSION = 5.0;
				TARGETED_DEVICE_FAMILY = "1,2";
				TEST_TARGET_NAME = Barabaragame;
			};
			name = Release;
		};
/* End XCBuildConfiguration section */

/* Begin XCConfigurationList section */
		6E680FFA2467E1EB00C06EA2 /* Build configuration list for PBXProject "Barabaragame" */ = {
			isa = XCConfigurationList;
			buildConfigurations = (
				6E6810272467E1F000C06EA2 /* Debug */,
				6E6810282467E1F000C06EA2 /* Release */,
			);
			defaultConfigurationIsVisible = 0;
			defaultConfigurationName = Release;
		};
		6E6810292467E1F000C06EA2 /* Build configuration list for PBXNativeTarget "Barabaragame" */ = {
			isa = XCConfigurationList;
			buildConfigurations = (
				6E68102A2467E1F000C06EA2 /* Debug */,
				6E68102B2467E1F000C06EA2 /* Release */,
			);
			defaultConfigurationIsVisible = 0;
			defaultConfigurationName = Release;
		};
		6E68102C2467E1F000C06EA2 /* Build configuration list for PBXNativeTarget "BarabaragameTests" */ = {
			isa = XCConfigurationList;
			buildConfigurations = (
				6E68102D2467E1F000C06EA2 /* Debug */,
				6E68102E2467E1F000C06EA2 /* Release */,
			);
			defaultConfigurationIsVisible = 0;
			defaultConfigurationName = Release;
		};
		6E68102F2467E1F000C06EA2 /* Build configuration list for PBXNativeTarget "BarabaragameUITests" */ = {
			isa = XCConfigurationList;
			buildConfigurations = (
				6E6810302467E1F000C06EA2 /* Debug */,
				6E6810312467E1F000C06EA2 /* Release */,
			);
			defaultConfigurationIsVisible = 0;
			defaultConfigurationName = Release;
		};
/* End XCConfigurationList section */
	};
	rootObject = 6E680FF72467E1EB00C06EA2 /* Project object */;
}
